
Microsoft Visual Studio Solution File, Format Version 12.00
# Visual Studio Version 17
VisualStudioVersion = 17.1.32319.34
MinimumVisualStudioVersion = 10.0.40219.1
Project("{9A19103F-16F7-4668-BE54-9A1E7A4F7556}") = "CookBook.DAL", "CookBook.DAL\CookBook.DAL.csproj", "{5950EE98-E31E-4223-94B3-C20AF02D2691}"
EndProject
Project("{9A19103F-16F7-4668-BE54-9A1E7A4F7556}") = "CookBook.Model", "CookBook.Model\CookBook.Model.csproj", "{4FED8CE7-7B44-4EF9-AEC9-9FFD9A1A6357}"
EndProject
Project("{9A19103F-16F7-4668-BE54-9A1E7A4F7556}") = "CookBook.Web", "CookBook.Web\CookBook.Web.csproj", "{612878EC-00BB-4231-A7BD-7A0E5D85659B}"
EndProject
Global
	GlobalSection(SolutionConfigurationPlatforms) = preSolution
		Debug|Any CPU = Debug|Any CPU
		Release|Any CPU = Release|Any CPU
	EndGlobalSection
	GlobalSection(ProjectConfigurationPlatforms) = postSolution
		{5950EE98-E31E-4223-94B3-C20AF02D2691}.Debug|Any CPU.ActiveCfg = Debug|Any CPU
		{5950EE98-E31E-4223-94B3-C20AF02D2691}.Debug|Any CPU.Build.0 = Debug|Any CPU
		{5950EE98-E31E-4223-94B3-C20AF02D2691}.Release|Any CPU.ActiveCfg = Release|Any CPU
		{5950EE98-E31E-4223-94B3-C20AF02D2691}.Release|Any CPU.Build.0 = Release|Any CPU
		{4FED8CE7-7B44-4EF9-AEC9-9FFD9A1A6357}.Debug|Any CPU.ActiveCfg = Debug|Any CPU
		{4FED8CE7-7B44-4EF9-AEC9-9FFD9A1A6357}.Debug|Any CPU.Build.0 = Debug|Any CPU
		{4FED8CE7-7B44-4EF9-AEC9-9FFD9A1A6357}.Release|Any CPU.ActiveCfg = Release|Any CPU
		{4FED8CE7-7B44-4EF9-AEC9-9FFD9A1A6357}.Release|Any CPU.Build.0 = Release|Any CPU
		{612878EC-00BB-4231-A7BD-7A0E5D85659B}.Debug|Any CPU.ActiveCfg = Debug|Any CPU
		{612878EC-00BB-4231-A7BD-7A0E5D85659B}.Debug|Any CPU.Build.0 = Debug|Any CPU
		{612878EC-00BB-4231-A7BD-7A0E5D85659B}.Release|Any CPU.ActiveCfg = Release|Any CPU
		{612878EC-00BB-4231-A7BD-7A0E5D85659B}.Release|Any CPU.Build.0 = Release|Any CPU
	EndGlobalSection
	GlobalSection(SolutionProperties) = preSolution
		HideSolutionNode = FALSE
	EndGlobalSection
	GlobalSection(ExtensibilityGlobals) = postSolution
		SolutionGuid = {75912823-32E3-4B6D-985E-E07A23338800}
	EndGlobalSection
EndGlobal
